
Microsoft Visual Studio Solution File, Format Version 12.00
# Visual Studio Version 17
VisualStudioVersion = 17.14.36414.22 d17.14
MinimumVisualStudioVersion = 10.0.40219.1
Project("{FAE04EC0-301F-11D3-BF4B-00C04F79EFBC}") = "HotelPlatform.API", "HotelPlatform.API\HotelPlatform.API.csproj", "{D40E0963-BF2B-43CE-BBDA-9E9FF1495B70}"
EndProject
Project("{FAE04EC0-301F-11D3-BF4B-00C04F79EFBC}") = "HotelPlatform.DAL", "HotelPlatform.DAL\HotelPlatform.DAL.csproj", "{C04A421D-40E5-4D91-9A78-75DA5823390C}"
EndProject
Project("{FAE04EC0-301F-11D3-BF4B-00C04F79EFBC}") = "HotelPlatform.Repo", "HotelPlatform.Repo\HotelPlatform.Repo.csproj", "{68882721-7EE9-42DB-920D-E26E7B864C7A}"
EndProject
Project("{FAE04EC0-301F-11D3-BF4B-00C04F79EFBC}") = "HotelPlatform.Services", "HotelPlatform.Services\HotelPlatform.Services.csproj", "{DC69DE54-9DEF-4B2B-AAB0-537DE6E88FC0}"
EndProject
Project("{FAE04EC0-301F-11D3-BF4B-00C04F79EFBC}") = "HotelPlatform.Shared", "HotelPlatform.Shared\HotelPlatform.Shared.csproj", "{63767B2B-ABF9-4640-9F9C-A8746C6DF9D2}"
EndProject
Global
	GlobalSection(SolutionConfigurationPlatforms) = preSolution
		Debug|Any CPU = Debug|Any CPU
		Release|Any CPU = Release|Any CPU
	EndGlobalSection
	GlobalSection(ProjectConfigurationPlatforms) = postSolution
		{D40E0963-BF2B-43CE-BBDA-9E9FF1495B70}.Debug|Any CPU.ActiveCfg = Debug|Any CPU
		{D40E0963-BF2B-43CE-BBDA-9E9FF1495B70}.Debug|Any CPU.Build.0 = Debug|Any CPU
		{D40E0963-BF2B-43CE-BBDA-9E9FF1495B70}.Release|Any CPU.ActiveCfg = Release|Any CPU
		{D40E0963-BF2B-43CE-BBDA-9E9FF1495B70}.Release|Any CPU.Build.0 = Release|Any CPU
		{C04A421D-40E5-4D91-9A78-75DA5823390C}.Debug|Any CPU.ActiveCfg = Debug|Any CPU
		{C04A421D-40E5-4D91-9A78-75DA5823390C}.Debug|Any CPU.Build.0 = Debug|Any CPU
		{C04A421D-40E5-4D91-9A78-75DA5823390C}.Release|Any CPU.ActiveCfg = Release|Any CPU
		{C04A421D-40E5-4D91-9A78-75DA5823390C}.Release|Any CPU.Build.0 = Release|Any CPU
		{68882721-7EE9-42DB-920D-E26E7B864C7A}.Debug|Any CPU.ActiveCfg = Debug|Any CPU
		{68882721-7EE9-42DB-920D-E26E7B864C7A}.Debug|Any CPU.Build.0 = Debug|Any CPU
		{68882721-7EE9-42DB-920D-E26E7B864C7A}.Release|Any CPU.ActiveCfg = Release|Any CPU
		{68882721-7EE9-42DB-920D-E26E7B864C7A}.Release|Any CPU.Build.0 = Release|Any CPU
		{DC69DE54-9DEF-4B2B-AAB0-537DE6E88FC0}.Debug|Any CPU.ActiveCfg = Debug|Any CPU
		{DC69DE54-9DEF-4B2B-AAB0-537DE6E88FC0}.Debug|Any CPU.Build.0 = Debug|Any CPU
		{DC69DE54-9DEF-4B2B-AAB0-537DE6E88FC0}.Release|Any CPU.ActiveCfg = Release|Any CPU
		{DC69DE54-9DEF-4B2B-AAB0-537DE6E88FC0}.Release|Any CPU.Build.0 = Release|Any CPU
		{63767B2B-ABF9-4640-9F9C-A8746C6DF9D2}.Debug|Any CPU.ActiveCfg = Debug|Any CPU
		{63767B2B-ABF9-4640-9F9C-A8746C6DF9D2}.Debug|Any CPU.Build.0 = Debug|Any CPU
		{63767B2B-ABF9-4640-9F9C-A8746C6DF9D2}.Release|Any CPU.ActiveCfg = Release|Any CPU
		{63767B2B-ABF9-4640-9F9C-A8746C6DF9D2}.Release|Any CPU.Build.0 = Release|Any CPU
	EndGlobalSection
	GlobalSection(SolutionProperties) = preSolution
		HideSolutionNode = FALSE
	EndGlobalSection
	GlobalSection(ExtensibilityGlobals) = postSolution
		SolutionGuid = {66B74F81-4466-43AE-AA6C-747C88498637}
	EndGlobalSection
EndGlobal
